Microsoft Visual Studio Solution File, Format Version 12.00
# Visual Studio Version 17
VisualStudioVersion = 17.0.31903.59
MinimumVisualStudioVersion = 10.0.40219.1
Project("{2150E333-8FDC-42A3-9474-1A3956D46DE8}") = "src", "src", "{17BBBDCE-E6E7-41DF-A715-172AE77EF3C3}"
EndProject
Project("{2150E333-8FDC-42A3-9474-1A3956D46DE8}") = "test", "test", "{1896E5C8-A5DF-4A76-905B-E4ADB313ADEF}"
EndProject
Project("{6EC3EE1D-3C4E-46DD-8F32-0CC8E7565705}") = "PomodoroWindowsTimer.Tests", "test\PomodoroWindowsTimer.Tests\PomodoroWindowsTimer.Tests.fsproj", "{BC330252-D439-45DB-95C6-08D9C3081D3D}"
EndProject
Project("{6EC3EE1D-3C4E-46DD-8F32-0CC8E7565705}") = "PomodoroWindowsTimer", "src\PomodoroWindowsTimer\PomodoroWindowsTimer.fsproj", "{AF1DDE1C-548A-4456-BD82-0ADA56C3F5A8}"
EndProject
Project("{6EC3EE1D-3C4E-46DD-8F32-0CC8E7565705}") = "PomodoroWindowsTimer.ElmishApp", "src\PomodoroWindowsTimer.ElmishApp\PomodoroWindowsTimer.ElmishApp.fsproj", "{48AA36D2-29C3-402E-82EA-E657376CBCA7}"
EndProject
Project("{9A19103F-16F7-4668-BE54-9A1E7A4F7556}") = "PomodoroWindowsTimer.WpfClient", "src\PomodoroWindowsTimer.WpfClient\PomodoroWindowsTimer.WpfClient.csproj", "{FEA37883-BCB6-48BF-A033-81783C689960}"
EndProject
Project("{9A19103F-16F7-4668-BE54-9A1E7A4F7556}") = "PomodoroWindowsTimer.ChatIdGrabber", "src\PomodoroWindowsTimer.ChatIdGrabber\PomodoroWindowsTimer.ChatIdGrabber.csproj", "{CEA9A1C8-9921-4C84-B6CA-4797740C0E62}"
EndProject
Project("{6EC3EE1D-3C4E-46DD-8F32-0CC8E7565705}") = "PomodoroWindowsTimer.ElmishApp.Tests", "test\PomodoroWindowsTimer.ElmishApp.Tests\PomodoroWindowsTimer.ElmishApp.Tests.fsproj", "{E1E334D3-7AC0-42A1-8646-AAD133697F7B}"
EndProject
Project("{2150E333-8FDC-42A3-9474-1A3956D46DE8}") = "Solution Items", "Solution Items", "{E3B48FA2-00B4-4035-BBA2-D89F6E3F505D}"
	ProjectSection(SolutionItems) = preProject
		.editorconfig = .editorconfig
		README.md = README.md
	EndProjectSection
EndProject
Project("{6EC3EE1D-3C4E-46DD-8F32-0CC8E7565705}") = "PomodoroWindowsTimer.Storage.Tests", "test\PomodoroWindowsTimer.Storage.Tests\PomodoroWindowsTimer.Storage.Tests.fsproj", "{DBB76192-0ABE-47FD-BCCA-397203E26FE9}"
EndProject
Project("{2150E333-8FDC-42A3-9474-1A3956D46DE8}") = "docs", "docs", "{AEF376B7-DCF6-418F-BFCA-840E40450343}"
	ProjectSection(SolutionItems) = preProject
		docs\design\development-notes.md = docs\design\development-notes.md
		docs\design\er-diagram.md = docs\design\er-diagram.md
		docs\design\time-shifting-with-slider.md = docs\design\time-shifting-with-slider.md
	EndProjectSection
EndProject
Project("{6EC3EE1D-3C4E-46DD-8F32-0CC8E7565705}") = "PomodoroWindowsTimer.Testing.Fakers", "test\PomodoroWindowsTimer.Testing.Fakers\PomodoroWindowsTimer.Testing.Fakers.fsproj", "{73C67F31-8529-4D7D-BEAA-5F627CE0BA31}"
EndProject
Project("{9A19103F-16F7-4668-BE54-9A1E7A4F7556}") = "PomodoroWindowsTimer.Exporter.Excel", "src\PomodoroWindowsTimer.Exporter.Excel\PomodoroWindowsTimer.Exporter.Excel.csproj", "{21A6B3B7-FCD1-4D6E-882F-F892A08A336F}"
EndProject
Project("{2150E333-8FDC-42A3-9474-1A3956D46DE8}") = ".github", ".github", "{A27FA8E1-2727-4FF9-8698-01526ADDD01C}"
EndProject
Project("{2150E333-8FDC-42A3-9474-1A3956D46DE8}") = "workflows", "workflows", "{AD2A9CDD-A5BE-4D9B-BCD3-5EF538CF2EE0}"
	ProjectSection(SolutionItems) = preProject
		.github\workflows\ci.yml = .github\workflows\ci.yml
	EndProjectSection
EndProject
Project("{6EC3EE1D-3C4E-46DD-8F32-0CC8E7565705}") = "PomodoroWindowsTimer.Storage", "src\PomodoroWindowsTimer.Storage\PomodoroWindowsTimer.Storage.fsproj", "{C57EC492-3405-4E54-A210-F8B2A7377BC9}"
EndProject
Project("{9A19103F-16F7-4668-BE54-9A1E7A4F7556}") = "PomodoroWindowsTimer.Migrator", "src\PomodoroWindowsTimer.Migrator\PomodoroWindowsTimer.Migrator.csproj", "{99D0C7BE-CC16-424F-A928-A896088E76DD}"
EndProject
Project("{FAE04EC0-301F-11D3-BF4B-00C04F79EFBC}") = "PomodoroWindowsTimer.Wpf", "src\PomodoroWindowsTimer.Wpf\PomodoroWindowsTimer.Wpf.csproj", "{AEA13A86-8CFC-4B07-9998-FBA65B8FA57E}"
EndProject
Project("{FAE04EC0-301F-11D3-BF4B-00C04F79EFBC}") = "PomodoroWindowsTimer.Wpf.Demo", "src\PomodoroWindowsTimer.Wpf.Demo\PomodoroWindowsTimer.Wpf.Demo.csproj", "{0F398EA0-2D70-4B1C-AFAC-71DB0574567E}"
EndProject
Project("{2150E333-8FDC-42A3-9474-1A3956D46DE8}") = "Wpf", "Wpf", "{F489C30D-30D2-4BB8-B224-AF4857841A02}"
EndProject
Project("{2150E333-8FDC-42A3-9474-1A3956D46DE8}") = "Infrastructure", "Infrastructure", "{D462028B-F273-4162-8026-56CD0C3C6308}"
EndProject
Project("{FAE04EC0-301F-11D3-BF4B-00C04F79EFBC}") = "PomodoroWindowsTimer.Installer", "src\PomodoroWindowsTimer.Installer\PomodoroWindowsTimer.Installer.csproj", "{9A7F353D-617D-4B88-B00C-677D1E284D8C}"
EndProject
Project("{FAE04EC0-301F-11D3-BF4B-00C04F79EFBC}") = "PomodoroWindowsTimer.AppAgent", "src\PomodoroWindowsTimer.AppAgent\PomodoroWindowsTimer.AppAgent.csproj", "{0DE2EE5B-3AAD-6366-41B8-4DC92CE3A641}"
EndProject
Project("{FAE04EC0-301F-11D3-BF4B-00C04F79EFBC}") = "PomodoroWindowsTimer.WpfClientInstaller", "src\PomodoroWindowsTimer.WpfClientInstaller\PomodoroWindowsTimer.WpfClientInstaller.csproj", "{89D9FBC2-D924-4E01-B445-B4CC98354597}"
EndProject
Project("{FAE04EC0-301F-11D3-BF4B-00C04F79EFBC}") = "PomodoroWindowsTimer.Bootstrap", "src\PomodoroWindowsTimer.Bootstrap\PomodoroWindowsTimer.Bootstrap.csproj", "{82482C7F-5A37-7D64-775D-FD417A7C18FC}"
EndProject
Global
	GlobalSection(SolutionConfigurationPlatforms) = preSolution
		Debug|Any CPU = Debug|Any CPU
		Personal|Any CPU = Personal|Any CPU
		Release|Any CPU = Release|Any CPU
	EndGlobalSection
	GlobalSection(ProjectConfigurationPlatforms) = postSolution
		{BC330252-D439-45DB-95C6-08D9C3081D3D}.Debug|Any CPU.ActiveCfg = Debug|Any CPU
		{BC330252-D439-45DB-95C6-08D9C3081D3D}.Debug|Any CPU.Build.0 = Debug|Any CPU
		{BC330252-D439-45DB-95C6-08D9C3081D3D}.Personal|Any CPU.ActiveCfg = Personal|Any CPU
		{BC330252-D439-45DB-95C6-08D9C3081D3D}.Personal|Any CPU.Build.0 = Personal|Any CPU
		{BC330252-D439-45DB-95C6-08D9C3081D3D}.Release|Any CPU.ActiveCfg = Release|Any CPU
		{BC330252-D439-45DB-95C6-08D9C3081D3D}.Release|Any CPU.Build.0 = Release|Any CPU
		{AF1DDE1C-548A-4456-BD82-0ADA56C3F5A8}.Debug|Any CPU.ActiveCfg = Debug|Any CPU
		{AF1DDE1C-548A-4456-BD82-0ADA56C3F5A8}.Debug|Any CPU.Build.0 = Debug|Any CPU
		{AF1DDE1C-548A-4456-BD82-0ADA56C3F5A8}.Personal|Any CPU.ActiveCfg = Personal|Any CPU
		{AF1DDE1C-548A-4456-BD82-0ADA56C3F5A8}.Personal|Any CPU.Build.0 = Personal|Any CPU
		{AF1DDE1C-548A-4456-BD82-0ADA56C3F5A8}.Release|Any CPU.ActiveCfg = Release|Any CPU
		{AF1DDE1C-548A-4456-BD82-0ADA56C3F5A8}.Release|Any CPU.Build.0 = Release|Any CPU
		{48AA36D2-29C3-402E-82EA-E657376CBCA7}.Debug|Any CPU.ActiveCfg = Debug|Any CPU
		{48AA36D2-29C3-402E-82EA-E657376CBCA7}.Debug|Any CPU.Build.0 = Debug|Any CPU
		{48AA36D2-29C3-402E-82EA-E657376CBCA7}.Personal|Any CPU.ActiveCfg = Personal|Any CPU
		{48AA36D2-29C3-402E-82EA-E657376CBCA7}.Personal|Any CPU.Build.0 = Personal|Any CPU
		{48AA36D2-29C3-402E-82EA-E657376CBCA7}.Release|Any CPU.ActiveCfg = Release|Any CPU
		{48AA36D2-29C3-402E-82EA-E657376CBCA7}.Release|Any CPU.Build.0 = Release|Any CPU
		{FEA37883-BCB6-48BF-A033-81783C689960}.Debug|Any CPU.ActiveCfg = Debug|Any CPU
		{FEA37883-BCB6-48BF-A033-81783C689960}.Debug|Any CPU.Build.0 = Debug|Any CPU
		{FEA37883-BCB6-48BF-A033-81783C689960}.Personal|Any CPU.ActiveCfg = Personal|Any CPU
		{FEA37883-BCB6-48BF-A033-81783C689960}.Personal|Any CPU.Build.0 = Personal|Any CPU
		{FEA37883-BCB6-48BF-A033-81783C689960}.Release|Any CPU.ActiveCfg = Release|Any CPU
		{FEA37883-BCB6-48BF-A033-81783C689960}.Release|Any CPU.Build.0 = Release|Any CPU
		{CEA9A1C8-9921-4C84-B6CA-4797740C0E62}.Debug|Any CPU.ActiveCfg = Debug|Any CPU
		{CEA9A1C8-9921-4C84-B6CA-4797740C0E62}.Debug|Any CPU.Build.0 = Debug|Any CPU
		{CEA9A1C8-9921-4C84-B6CA-4797740C0E62}.Personal|Any CPU.ActiveCfg = Personal|Any CPU
		{CEA9A1C8-9921-4C84-B6CA-4797740C0E62}.Personal|Any CPU.Build.0 = Personal|Any CPU
		{CEA9A1C8-9921-4C84-B6CA-4797740C0E62}.Release|Any CPU.ActiveCfg = Release|Any CPU
		{CEA9A1C8-9921-4C84-B6CA-4797740C0E62}.Release|Any CPU.Build.0 = Release|Any CPU
		{E1E334D3-7AC0-42A1-8646-AAD133697F7B}.Debug|Any CPU.ActiveCfg = Debug|Any CPU
		{E1E334D3-7AC0-42A1-8646-AAD133697F7B}.Debug|Any CPU.Build.0 = Debug|Any CPU
		{E1E334D3-7AC0-42A1-8646-AAD133697F7B}.Personal|Any CPU.ActiveCfg = Personal|Any CPU
		{E1E334D3-7AC0-42A1-8646-AAD133697F7B}.Personal|Any CPU.Build.0 = Personal|Any CPU
		{E1E334D3-7AC0-42A1-8646-AAD133697F7B}.Release|Any CPU.ActiveCfg = Release|Any CPU
		{E1E334D3-7AC0-42A1-8646-AAD133697F7B}.Release|Any CPU.Build.0 = Release|Any CPU
		{DBB76192-0ABE-47FD-BCCA-397203E26FE9}.Debug|Any CPU.ActiveCfg = Debug|Any CPU
		{DBB76192-0ABE-47FD-BCCA-397203E26FE9}.Debug|Any CPU.Build.0 = Debug|Any CPU
		{DBB76192-0ABE-47FD-BCCA-397203E26FE9}.Personal|Any CPU.ActiveCfg = Personal|Any CPU
		{DBB76192-0ABE-47FD-BCCA-397203E26FE9}.Personal|Any CPU.Build.0 = Personal|Any CPU
		{DBB76192-0ABE-47FD-BCCA-397203E26FE9}.Release|Any CPU.ActiveCfg = Release|Any CPU
		{DBB76192-0ABE-47FD-BCCA-397203E26FE9}.Release|Any CPU.Build.0 = Release|Any CPU
		{73C67F31-8529-4D7D-BEAA-5F627CE0BA31}.Debug|Any CPU.ActiveCfg = Debug|Any CPU
		{73C67F31-8529-4D7D-BEAA-5F627CE0BA31}.Debug|Any CPU.Build.0 = Debug|Any CPU
		{73C67F31-8529-4D7D-BEAA-5F627CE0BA31}.Personal|Any CPU.ActiveCfg = Personal|Any CPU
		{73C67F31-8529-4D7D-BEAA-5F627CE0BA31}.Personal|Any CPU.Build.0 = Personal|Any CPU
		{73C67F31-8529-4D7D-BEAA-5F627CE0BA31}.Release|Any CPU.ActiveCfg = Release|Any CPU
		{73C67F31-8529-4D7D-BEAA-5F627CE0BA31}.Release|Any CPU.Build.0 = Release|Any CPU
		{21A6B3B7-FCD1-4D6E-882F-F892A08A336F}.Debug|Any CPU.ActiveCfg = Debug|Any CPU
		{21A6B3B7-FCD1-4D6E-882F-F892A08A336F}.Debug|Any CPU.Build.0 = Debug|Any CPU
		{21A6B3B7-FCD1-4D6E-882F-F892A08A336F}.Personal|Any CPU.ActiveCfg = Personal|Any CPU
		{21A6B3B7-FCD1-4D6E-882F-F892A08A336F}.Personal|Any CPU.Build.0 = Personal|Any CPU
		{21A6B3B7-FCD1-4D6E-882F-F892A08A336F}.Release|Any CPU.ActiveCfg = Release|Any CPU
		{21A6B3B7-FCD1-4D6E-882F-F892A08A336F}.Release|Any CPU.Build.0 = Release|Any CPU
		{C57EC492-3405-4E54-A210-F8B2A7377BC9}.Debug|Any CPU.ActiveCfg = Debug|Any CPU
		{C57EC492-3405-4E54-A210-F8B2A7377BC9}.Debug|Any CPU.Build.0 = Debug|Any CPU
		{C57EC492-3405-4E54-A210-F8B2A7377BC9}.Personal|Any CPU.ActiveCfg = Personal|Any CPU
		{C57EC492-3405-4E54-A210-F8B2A7377BC9}.Personal|Any CPU.Build.0 = Personal|Any CPU
		{C57EC492-3405-4E54-A210-F8B2A7377BC9}.Release|Any CPU.ActiveCfg = Release|Any CPU
		{C57EC492-3405-4E54-A210-F8B2A7377BC9}.Release|Any CPU.Build.0 = Release|Any CPU
		{99D0C7BE-CC16-424F-A928-A896088E76DD}.Debug|Any CPU.ActiveCfg = Debug|Any CPU
		{99D0C7BE-CC16-424F-A928-A896088E76DD}.Debug|Any CPU.Build.0 = Debug|Any CPU
		{99D0C7BE-CC16-424F-A928-A896088E76DD}.Personal|Any CPU.ActiveCfg = Personal|Any CPU
		{99D0C7BE-CC16-424F-A928-A896088E76DD}.Personal|Any CPU.Build.0 = Personal|Any CPU
		{99D0C7BE-CC16-424F-A928-A896088E76DD}.Release|Any CPU.ActiveCfg = Release|Any CPU
		{99D0C7BE-CC16-424F-A928-A896088E76DD}.Release|Any CPU.Build.0 = Release|Any CPU
		{AEA13A86-8CFC-4B07-9998-FBA65B8FA57E}.Debug|Any CPU.ActiveCfg = Debug|Any CPU
		{AEA13A86-8CFC-4B07-9998-FBA65B8FA57E}.Debug|Any CPU.Build.0 = Debug|Any CPU
		{AEA13A86-8CFC-4B07-9998-FBA65B8FA57E}.Personal|Any CPU.ActiveCfg = Debug|Any CPU
		{AEA13A86-8CFC-4B07-9998-FBA65B8FA57E}.Personal|Any CPU.Build.0 = Debug|Any CPU
		{AEA13A86-8CFC-4B07-9998-FBA65B8FA57E}.Release|Any CPU.ActiveCfg = Release|Any CPU
		{AEA13A86-8CFC-4B07-9998-FBA65B8FA57E}.Release|Any CPU.Build.0 = Release|Any CPU
		{0F398EA0-2D70-4B1C-AFAC-71DB0574567E}.Debug|Any CPU.ActiveCfg = Debug|Any CPU
		{0F398EA0-2D70-4B1C-AFAC-71DB0574567E}.Debug|Any CPU.Build.0 = Debug|Any CPU
		{0F398EA0-2D70-4B1C-AFAC-71DB0574567E}.Personal|Any CPU.ActiveCfg = Debug|Any CPU
		{0F398EA0-2D70-4B1C-AFAC-71DB0574567E}.Personal|Any CPU.Build.0 = Debug|Any CPU
		{0F398EA0-2D70-4B1C-AFAC-71DB0574567E}.Release|Any CPU.ActiveCfg = Release|Any CPU
		{0F398EA0-2D70-4B1C-AFAC-71DB0574567E}.Release|Any CPU.Build.0 = Release|Any CPU
		{9A7F353D-617D-4B88-B00C-677D1E284D8C}.Debug|Any CPU.ActiveCfg = Debug|Any CPU
		{9A7F353D-617D-4B88-B00C-677D1E284D8C}.Debug|Any CPU.Build.0 = Debug|Any CPU
		{9A7F353D-617D-4B88-B00C-677D1E284D8C}.Personal|Any CPU.ActiveCfg = Debug|Any CPU
		{9A7F353D-617D-4B88-B00C-677D1E284D8C}.Personal|Any CPU.Build.0 = Debug|Any CPU
		{9A7F353D-617D-4B88-B00C-677D1E284D8C}.Release|Any CPU.ActiveCfg = Release|Any CPU
		{9A7F353D-617D-4B88-B00C-677D1E284D8C}.Release|Any CPU.Build.0 = Release|Any CPU
		{0DE2EE5B-3AAD-6366-41B8-4DC92CE3A641}.Debug|Any CPU.ActiveCfg = Debug|Any CPU
		{0DE2EE5B-3AAD-6366-41B8-4DC92CE3A641}.Debug|Any CPU.Build.0 = Debug|Any CPU
		{0DE2EE5B-3AAD-6366-41B8-4DC92CE3A641}.Personal|Any CPU.ActiveCfg = Personal|Any CPU
		{0DE2EE5B-3AAD-6366-41B8-4DC92CE3A641}.Personal|Any CPU.Build.0 = Personal|Any CPU
		{0DE2EE5B-3AAD-6366-41B8-4DC92CE3A641}.Release|Any CPU.ActiveCfg = Release|Any CPU
		{0DE2EE5B-3AAD-6366-41B8-4DC92CE3A641}.Release|Any CPU.Build.0 = Release|Any CPU
		{89D9FBC2-D924-4E01-B445-B4CC98354597}.Debug|Any CPU.ActiveCfg = Debug|Any CPU
		{89D9FBC2-D924-4E01-B445-B4CC98354597}.Debug|Any CPU.Build.0 = Debug|Any CPU
		{89D9FBC2-D924-4E01-B445-B4CC98354597}.Personal|Any CPU.ActiveCfg = Debug|Any CPU
		{89D9FBC2-D924-4E01-B445-B4CC98354597}.Personal|Any CPU.Build.0 = Debug|Any CPU
		{89D9FBC2-D924-4E01-B445-B4CC98354597}.Release|Any CPU.ActiveCfg = Release|Any CPU
		{89D9FBC2-D924-4E01-B445-B4CC98354597}.Release|Any CPU.Build.0 = Release|Any CPU
		{82482C7F-5A37-7D64-775D-FD417A7C18FC}.Debug|Any CPU.ActiveCfg = Debug|Any CPU
		{82482C7F-5A37-7D64-775D-FD417A7C18FC}.Debug|Any CPU.Build.0 = Debug|Any CPU
		{82482C7F-5A37-7D64-775D-FD417A7C18FC}.Personal|Any CPU.ActiveCfg = Debug|Any CPU
		{82482C7F-5A37-7D64-775D-FD417A7C18FC}.Personal|Any CPU.Build.0 = Debug|Any CPU
		{82482C7F-5A37-7D64-775D-FD417A7C18FC}.Release|Any CPU.ActiveCfg = Release|Any CPU
		{82482C7F-5A37-7D64-775D-FD417A7C18FC}.Release|Any CPU.Build.0 = Release|Any CPU
	EndGlobalSection
	GlobalSection(SolutionProperties) = preSolution
		HideSolutionNode = FALSE
	EndGlobalSection
	GlobalSection(NestedProjects) = preSolution
		{BC330252-D439-45DB-95C6-08D9C3081D3D} = {1896E5C8-A5DF-4A76-905B-E4ADB313ADEF}
		{AF1DDE1C-548A-4456-BD82-0ADA56C3F5A8} = {17BBBDCE-E6E7-41DF-A715-172AE77EF3C3}
		{48AA36D2-29C3-402E-82EA-E657376CBCA7} = {17BBBDCE-E6E7-41DF-A715-172AE77EF3C3}
		{FEA37883-BCB6-48BF-A033-81783C689960} = {17BBBDCE-E6E7-41DF-A715-172AE77EF3C3}
		{CEA9A1C8-9921-4C84-B6CA-4797740C0E62} = {D462028B-F273-4162-8026-56CD0C3C6308}
		{E1E334D3-7AC0-42A1-8646-AAD133697F7B} = {1896E5C8-A5DF-4A76-905B-E4ADB313ADEF}
		{DBB76192-0ABE-47FD-BCCA-397203E26FE9} = {1896E5C8-A5DF-4A76-905B-E4ADB313ADEF}
		{AEF376B7-DCF6-418F-BFCA-840E40450343} = {E3B48FA2-00B4-4035-BBA2-D89F6E3F505D}
		{73C67F31-8529-4D7D-BEAA-5F627CE0BA31} = {1896E5C8-A5DF-4A76-905B-E4ADB313ADEF}
		{21A6B3B7-FCD1-4D6E-882F-F892A08A336F} = {D462028B-F273-4162-8026-56CD0C3C6308}
		{A27FA8E1-2727-4FF9-8698-01526ADDD01C} = {E3B48FA2-00B4-4035-BBA2-D89F6E3F505D}
		{AD2A9CDD-A5BE-4D9B-BCD3-5EF538CF2EE0} = {A27FA8E1-2727-4FF9-8698-01526ADDD01C}
		{C57EC492-3405-4E54-A210-F8B2A7377BC9} = {D462028B-F273-4162-8026-56CD0C3C6308}
		{99D0C7BE-CC16-424F-A928-A896088E76DD} = {D462028B-F273-4162-8026-56CD0C3C6308}
		{AEA13A86-8CFC-4B07-9998-FBA65B8FA57E} = {F489C30D-30D2-4BB8-B224-AF4857841A02}
		{0F398EA0-2D70-4B1C-AFAC-71DB0574567E} = {F489C30D-30D2-4BB8-B224-AF4857841A02}
		{F489C30D-30D2-4BB8-B224-AF4857841A02} = {17BBBDCE-E6E7-41DF-A715-172AE77EF3C3}
		{D462028B-F273-4162-8026-56CD0C3C6308} = {17BBBDCE-E6E7-41DF-A715-172AE77EF3C3}
		{9A7F353D-617D-4B88-B00C-677D1E284D8C} = {D462028B-F273-4162-8026-56CD0C3C6308}
		{0DE2EE5B-3AAD-6366-41B8-4DC92CE3A641} = {D462028B-F273-4162-8026-56CD0C3C6308}
		{89D9FBC2-D924-4E01-B445-B4CC98354597} = {17BBBDCE-E6E7-41DF-A715-172AE77EF3C3}
		{82482C7F-5A37-7D64-775D-FD417A7C18FC} = {D462028B-F273-4162-8026-56CD0C3C6308}
	EndGlobalSection
	GlobalSection(ExtensibilityGlobals) = postSolution
		SolutionGuid = {FEFD379F-4D9B-4063-82CF-15AF19AF2B11}
	EndGlobalSection
EndGlobal
